// !$*UTF8*$!
{
	archiveVersion = 1;
	classes = {
	};
	objectVersion = 46;
	objects = {

/* Begin PBXBuildFile section */
		84119B981EDA24B200371A60 /* constants.swift in Sources */ = {isa = PBXBuildFile; fileRef = 84119B971EDA24B100371A60 /* constants.swift */; };
		84119B9D1EDA294600371A60 /* CurrentWeather.swift in Sources */ = {isa = PBXBuildFile; fileRef = 84119B9C1EDA294600371A60 /* CurrentWeather.swift */; };
		84119B9F1EDC52D200371A60 /* Forecast.swift in Sources */ = {isa = PBXBuildFile; fileRef = 84119B9E1EDC52D200371A60 /* Forecast.swift */; };
		84119BA11EDC61FE00371A60 /* Forecasts.swift in Sources */ = {isa = PBXBuildFile; fileRef = 84119BA01EDC61FE00371A60 /* Forecasts.swift */; };
		84119BA31EDC68ED00371A60 /* WeatherCell.swift in Sources */ = {isa = PBXBuildFile; fileRef = 84119BA21EDC68ED00371A60 /* WeatherCell.swift */; };
		84728B291ED771C300F8562F /* AppDelegate.swift in Sources */ = {isa = PBXBuildFile; fileRef = 84728B281ED771C300F8562F /* AppDelegate.swift */; };
		84728B2B1ED771C300F8562F /* WeatherVC.swift in Sources */ = {isa = PBXBuildFile; fileRef = 84728B2A1ED771C300F8562F /* WeatherVC.swift */; };
		84728B2E1ED771C300F8562F /* Main.storyboard in Resources */ = {isa = PBXBuildFile; fileRef = 84728B2C1ED771C300F8562F /* Main.storyboard */; };
		84728B301ED771C300F8562F /* Assets.xcassets in Resources */ = {isa = PBXBuildFile; fileRef = 84728B2F1ED771C300F8562F /* Assets.xcassets */; };
		84728B331ED771C300F8562F /* LaunchScreen.storyboard in Resources */ = {isa = PBXBuildFile; fileRef = 84728B311ED771C300F8562F /* LaunchScreen.storyboard */; };
		84728B3E1ED771C300F8562F /* weatherforecastTests.swift in Sources */ = {isa = PBXBuildFile; fileRef = 84728B3D1ED771C300F8562F /* weatherforecastTests.swift */; };
		84728B491ED771C300F8562F /* weatherforecastUITests.swift in Sources */ = {isa = PBXBuildFile; fileRef = 84728B481ED771C300F8562F /* weatherforecastUITests.swift */; };
		84A06CA71EDC856100925568 /* Location.swift in Sources */ = {isa = PBXBuildFile; fileRef = 84A06CA61EDC856100925568 /* Location.swift */; };
		F20F841D4B40B8785DC3E40B /* Pods_weatherforecast.framework in Frameworks */ = {isa = PBXBuildFile; fileRef = C7DA372DECEB4CC93A6400E5 /* Pods_weatherforecast.framework */; };
/* End PBXBuildFile section */

/* Begin PBXContainerItemProxy section */
		84728B3A1ED771C300F8562F /* PBXContainerItemProxy */ = {
			isa = PBXContainerItemProxy;
			containerPortal = 84728B1D1ED771C300F8562F /* Project object */;
			proxyType = 1;
			remoteGlobalIDString = 84728B241ED771C300F8562F;
			remoteInfo = weatherforecast;
		};
		84728B451ED771C300F8562F /* PBXContainerItemProxy */ = {
			isa = PBXContainerItemProxy;
			containerPortal = 84728B1D1ED771C300F8562F /* Project object */;
			proxyType = 1;
			remoteGlobalIDString = 84728B241ED771C300F8562F;
			remoteInfo = weatherforecast;
		};
/* End PBXContainerItemProxy section */

/* Begin PBXFileReference section */
		84119B971EDA24B100371A60 /* constants.swift */ = {isa = PBXFileReference; fileEncoding = 4; lastKnownFileType = sourcecode.swift; path = constants.swift; sourceTree = "<group>"; };
		84119B9C1EDA294600371A60 /* CurrentWeather.swift */ = {isa = PBXFileReference; fileEncoding = 4; lastKnownFileType = sourcecode.swift; path = CurrentWeather.swift; sourceTree = "<group>"; };
		84119B9E1EDC52D200371A60 /* Forecast.swift */ = {isa = PBXFileReference; fileEncoding = 4; lastKnownFileType = sourcecode.swift; path = Forecast.swift; sourceTree = "<group>"; };
		84119BA01EDC61FE00371A60 /* Forecasts.swift */ = {isa = PBXFileReference; fileEncoding = 4; lastKnownFileType = sourcecode.swift; path = Forecasts.swift; sourceTree = "<group>"; };
		84119BA21EDC68ED00371A60 /* WeatherCell.swift */ = {isa = PBXFileReference; fileEncoding = 4; lastKnownFileType = sourcecode.swift; path = WeatherCell.swift; sourceTree = "<group>"; };
		84728B251ED771C300F8562F /* weatherforecast.app */ = {isa = PBXFileReference; explicitFileType = wrapper.application; includeInIndex = 0; path = weatherforecast.app; sourceTree = BUILT_PRODUCTS_DIR; };
		84728B281ED771C300F8562F /* AppDelegate.swift */ = {isa = PBXFileReference; lastKnownFileType = sourcecode.swift; path = AppDelegate.swift; sourceTree = "<group>"; };
		84728B2A1ED771C300F8562F /* WeatherVC.swift */ = {isa = PBXFileReference; lastKnownFileType = sourcecode.swift; path = WeatherVC.swift; sourceTree = "<group>"; };
		84728B2D1ED771C300F8562F /* Base */ = {isa = PBXFileReference; lastKnownFileType = file.storyboard; name = Base; path = Base.lproj/Main.storyboard; sourceTree = "<group>"; };
		84728B2F1ED771C300F8562F /* Assets.xcassets */ = {isa = PBXFileReference; lastKnownFileType = folder.assetcatalog; path = Assets.xcassets; sourceTree = "<group>"; };
		84728B321ED771C300F8562F /* Base */ = {isa = PBXFileReference; lastKnownFileType = file.storyboard; name = Base; path = Base.lproj/LaunchScreen.storyboard; sourceTree = "<group>"; };
		84728B341ED771C300F8562F /* Info.plist */ = {isa = PBXFileReference; lastKnownFileType = text.plist.xml; path = Info.plist; sourceTree = "<group>"; };
		84728B391ED771C300F8562F /* weatherforecastTests.xctest */ = {isa = PBXFileReference; explicitFileType = wrapper.cfbundle; includeInIndex = 0; path = weatherforecastTests.xctest; sourceTree = BUILT_PRODUCTS_DIR; };
		84728B3D1ED771C300F8562F /* weatherforecastTests.swift */ = {isa = PBXFileReference; lastKnownFileType = sourcecode.swift; path = weatherforecastTests.swift; sourceTree = "<group>"; };
		84728B3F1ED771C300F8562F /* Info.plist */ = {isa = PBXFileReference; lastKnownFileType = text.plist.xml; path = Info.plist; sourceTree = "<group>"; };
		84728B441ED771C300F8562F /* weatherforecastUITests.xctest */ = {isa = PBXFileReference; explicitFileType = wrapper.cfbundle; includeInIndex = 0; path = weatherforecastUITests.xctest; sourceTree = BUILT_PRODUCTS_DIR; };
		84728B481ED771C300F8562F /* weatherforecastUITests.swift */ = {isa = PBXFileReference; lastKnownFileType = sourcecode.swift; path = weatherforecastUITests.swift; sourceTree = "<group>"; };
		84728B4A1ED771C300F8562F /* Info.plist */ = {isa = PBXFileReference; lastKnownFileType = text.plist.xml; path = Info.plist; sourceTree = "<group>"; };
		84A06CA61EDC856100925568 /* Location.swift */ = {isa = PBXFileReference; fileEncoding = 4; lastKnownFileType = sourcecode.swift; path = Location.swift; sourceTree = "<group>"; };
		BC09957A18E8A5A05E92511C /* Pods_weatherforecastTests.framework */ = {isa = PBXFileReference; explicitFileType = wrapper.framework; includeInIndex = 0; path = Pods_weatherforecastTests.framework; sourceTree = BUILT_PRODUCTS_DIR; };
		C7DA372DECEB4CC93A6400E5 /* Pods_weatherforecast.framework */ = {isa = PBXFileReference; explicitFileType = wrapper.framework; includeInIndex = 0; path = Pods_weatherforecast.framework; sourceTree = BUILT_PRODUCTS_DIR; };
		C801309D8275ABA8972A4DE9 /* Pods_weatherforecastUITests.framework */ = {isa = PBXFileReference; explicitFileType = wrapper.framework; includeInIndex = 0; path = Pods_weatherforecastUITests.framework; sourceTree = BUILT_PRODUCTS_DIR; };
		CDC7BA67C410E0A561D2DFBA /* Pods-weatherforecast.release.xcconfig */ = {isa = PBXFileReference; includeInIndex = 1; lastKnownFileType = text.xcconfig; name = "Pods-weatherforecast.release.xcconfig"; path = "Pods/Target Support Files/Pods-weatherforecast/Pods-weatherforecast.release.xcconfig"; sourceTree = "<group>"; };
		E87BE9012932A969886BD24B /* Pods-weatherforecast.debug.xcconfig */ = {isa = PBXFileReference; includeInIndex = 1; lastKnownFileType = text.xcconfig; name = "Pods-weatherforecast.debug.xcconfig"; path = "Pods/Target Support Files/Pods-weatherforecast/Pods-weatherforecast.debug.xcconfig"; sourceTree = "<group>"; };
/* End PBXFileReference section */

/* Begin PBXFrameworksBuildPhase section */
		84728B221ED771C300F8562F /* Frameworks */ = {
			isa = PBXFrameworksBuildPhase;
			buildActionMask = 2147483647;
			files = (
				F20F841D4B40B8785DC3E40B /* Pods_weatherforecast.framework in Frameworks */,
			);
			runOnlyForDeploymentPostprocessing = 0;
		};
		84728B361ED771C300F8562F /* Frameworks */ = {
			isa = PBXFrameworksBuildPhase;
			buildActionMask = 2147483647;
			files = (
			);
			runOnlyForDeploymentPostprocessing = 0;
		};
		84728B411ED771C300F8562F /* Frameworks */ = {
			isa = PBXFrameworksBuildPhase;
			buildActionMask = 2147483647;
			files = (
			);
			runOnlyForDeploymentPostprocessing = 0;
		};
/* End PBXFrameworksBuildPhase section */

/* Begin PBXGroup section */
		41CA5F6DC343805F169CC839 /* Frameworks */ = {
			isa = PBXGroup;
			children = (
				C7DA372DECEB4CC93A6400E5 /* Pods_weatherforecast.framework */,
				BC09957A18E8A5A05E92511C /* Pods_weatherforecastTests.framework */,
				C801309D8275ABA8972A4DE9 /* Pods_weatherforecastUITests.framework */,
			);
			name = Frameworks;
			sourceTree = "<group>";
		};
		84119B991EDA24BF00371A60 /* Model */ = {
			isa = PBXGroup;
			children = (
				84119B971EDA24B100371A60 /* constants.swift */,
				84119B9C1EDA294600371A60 /* CurrentWeather.swift */,
				84119B9E1EDC52D200371A60 /* Forecast.swift */,
				84119BA01EDC61FE00371A60 /* Forecasts.swift */,
				84119BA21EDC68ED00371A60 /* WeatherCell.swift */,
				84A06CA61EDC856100925568 /* Location.swift */,
			);
			name = Model;
			sourceTree = "<group>";
		};
		84119B9A1EDA24D400371A60 /* View */ = {
			isa = PBXGroup;
			children = (
				84728B2C1ED771C300F8562F /* Main.storyboard */,
				84728B311ED771C300F8562F /* LaunchScreen.storyboard */,
			);
			name = View;
			sourceTree = "<group>";
		};
		84119B9B1EDA24FC00371A60 /* Controller */ = {
			isa = PBXGroup;
			children = (
				84728B2A1ED771C300F8562F /* WeatherVC.swift */,
			);
			name = Controller;
			sourceTree = "<group>";
		};
		84728B1C1ED771C300F8562F = {
			isa = PBXGroup;
			children = (
				84728B271ED771C300F8562F /* weatherforecast */,
				84728B3C1ED771C300F8562F /* weatherforecastTests */,
				84728B471ED771C300F8562F /* weatherforecastUITests */,
				84728B261ED771C300F8562F /* Products */,
				E602266522A5F57B9D764B4A /* Pods */,
				41CA5F6DC343805F169CC839 /* Frameworks */,
			);
			sourceTree = "<group>";
		};
		84728B261ED771C300F8562F /* Products */ = {
			isa = PBXGroup;
			children = (
				84728B251ED771C300F8562F /* weatherforecast.app */,
				84728B391ED771C300F8562F /* weatherforecastTests.xctest */,
				84728B441ED771C300F8562F /* weatherforecastUITests.xctest */,
			);
			name = Products;
			sourceTree = "<group>";
		};
		84728B271ED771C300F8562F /* weatherforecast */ = {
			isa = PBXGroup;
			children = (
				84119B9B1EDA24FC00371A60 /* Controller */,
				84119B9A1EDA24D400371A60 /* View */,
				84119B991EDA24BF00371A60 /* Model */,
				84728B2F1ED771C300F8562F /* Assets.xcassets */,
				84728B281ED771C300F8562F /* AppDelegate.swift */,
				84728B341ED771C300F8562F /* Info.plist */,
			);
			path = weatherforecast;
			sourceTree = "<group>";
		};
		84728B3C1ED771C300F8562F /* weatherforecastTests */ = {
			isa = PBXGroup;
			children = (
				84728B3D1ED771C300F8562F /* weatherforecastTests.swift */,
				84728B3F1ED771C300F8562F /* Info.plist */,
			);
			path = weatherforecastTests;
			sourceTree = "<group>";
		};
		84728B471ED771C300F8562F /* weatherforecastUITests */ = {
			isa = PBXGroup;
			children = (
				84728B481ED771C300F8562F /* weatherforecastUITests.swift */,
				84728B4A1ED771C300F8562F /* Info.plist */,
			);
			path = weatherforecastUITests;
			sourceTree = "<group>";
		};
		E602266522A5F57B9D764B4A /* Pods */ = {
			isa = PBXGroup;
			children = (
				E87BE9012932A969886BD24B /* Pods-weatherforecast.debug.xcconfig */,
				CDC7BA67C410E0A561D2DFBA /* Pods-weatherforecast.release.xcconfig */,
			);
			name = Pods;
			sourceTree = "<group>";
		};
/* End PBXGroup section */

/* Begin PBXNativeTarget section */
		84728B241ED771C300F8562F /* weatherforecast */ = {
			isa = PBXNativeTarget;
			buildConfigurationList = 84728B4D1ED771C300F8562F /* Build configuration list for PBXNativeTarget "weatherforecast" */;
			buildPhases = (
				FE9C5F98A490F6ED5359BFB4 /* [CP] Check Pods Manifest.lock */,
				84728B211ED771C300F8562F /* Sources */,
				84728B221ED771C300F8562F /* Frameworks */,
				84728B231ED771C300F8562F /* Resources */,
				B6F065C869D7EB3679523AF3 /* [CP] Embed Pods Frameworks */,
				ED49FDBA58B16D72351B6EB2 /* [CP] Copy Pods Resources */,
			);
			buildRules = (
			);
			dependencies = (
			);
			name = weatherforecast;
			productName = weatherforecast;
			productReference = 84728B251ED771C300F8562F /* weatherforecast.app */;
			productType = "com.apple.product-type.application";
		};
		84728B381ED771C300F8562F /* weatherforecastTests */ = {
			isa = PBXNativeTarget;
			buildConfigurationList = 84728B501ED771C300F8562F /* Build configuration list for PBXNativeTarget "weatherforecastTests" */;
			buildPhases = (
				84728B351ED771C300F8562F /* Sources */,
				84728B361ED771C300F8562F /* Frameworks */,
				84728B371ED771C300F8562F /* Resources */,
			);
			buildRules = (
			);
			dependencies = (
				84728B3B1ED771C300F8562F /* PBXTargetDependency */,
			);
			name = weatherforecastTests;
			productName = weatherforecastTests;
			productReference = 84728B391ED771C300F8562F /* weatherforecastTests.xctest */;
			productType = "com.apple.product-type.bundle.unit-test";
		};
		84728B431ED771C300F8562F /* weatherforecastUITests */ = {
			isa = PBXNativeTarget;
			buildConfigurationList = 84728B531ED771C300F8562F /* Build configuration list for PBXNativeTarget "weatherforecastUITests" */;
			buildPhases = (
				84728B401ED771C300F8562F /* Sources */,
				84728B411ED771C300F8562F /* Frameworks */,
				84728B421ED771C300F8562F /* Resources */,
			);
			buildRules = (
			);
			dependencies = (
				84728B461ED771C300F8562F /* PBXTargetDependency */,
			);
			name = weatherforecastUITests;
			productName = weatherforecastUITests;
			productReference = 84728B441ED771C300F8562F /* weatherforecastUITests.xctest */;
			productType = "com.apple.product-type.bundle.ui-testing";
		};
/* End PBXNativeTarget section */

/* Begin PBXProject section */
		84728B1D1ED771C300F8562F /* Project object */ = {
			isa = PBXProject;
			attributes = {
				LastSwiftUpdateCheck = 0830;
				LastUpgradeCheck = 0830;
				ORGANIZATIONNAME = Mattowy;
				TargetAttributes = {
					84728B241ED771C300F8562F = {
						CreatedOnToolsVersion = 8.3.2;
						DevelopmentTeam = DA92K53Q8K;
						ProvisioningStyle = Automatic;
					};
					84728B381ED771C300F8562F = {
						CreatedOnToolsVersion = 8.3.2;
						DevelopmentTeam = DA92K53Q8K;
						ProvisioningStyle = Automatic;
						TestTargetID = 84728B241ED771C300F8562F;
					};
					84728B431ED771C300F8562F = {
						CreatedOnToolsVersion = 8.3.2;
						DevelopmentTeam = DA92K53Q8K;
						ProvisioningStyle = Automatic;
						TestTargetID = 84728B241ED771C300F8562F;
					};
				};
			};
			buildConfigurationList = 84728B201ED771C300F8562F /* Build configuration list for PBXProject "weatherforecast" */;
			compatibilityVersion = "Xcode 3.2";
			developmentRegion = English;
			hasScannedForEncodings = 0;
			knownRegions = (
				en,
				Base,
			);
			mainGroup = 84728B1C1ED771C300F8562F;
			productRefGroup = 84728B261ED771C300F8562F /* Products */;
			projectDirPath = "";
			projectRoot = "";
			targets = (
				84728B241ED771C300F8562F /* weatherforecast */,
				84728B381ED771C300F8562F /* weatherforecastTests */,
				84728B431ED771C300F8562F /* weatherforecastUITests */,
			);
		};
/* End PBXProject section */

/* Begin PBXResourcesBuildPhase section */
		84728B231ED771C300F8562F /* Resources */ = {
			isa = PBXResourcesBuildPhase;
			buildActionMask = 2147483647;
			files = (
				84728B331ED771C300F8562F /* LaunchScreen.storyboard in Resources */,
				84728B301ED771C300F8562F /* Assets.xcassets in Resources */,
				84728B2E1ED771C300F8562F /* Main.storyboard in Resources */,
			);
			runOnlyForDeploymentPostprocessing = 0;
		};
		84728B371ED771C300F8562F /* Resources */ = {
			isa = PBXResourcesBuildPhase;
			buildActionMask = 2147483647;
			files = (
			);
			runOnlyForDeploymentPostprocessing = 0;
		};
		84728B421ED771C300F8562F /* Resources */ = {
			isa = PBXResourcesBuildPhase;
			buildActionMask = 2147483647;
			files = (
			);
			runOnlyForDeploymentPostprocessing = 0;
		};
/* End PBXResourcesBuildPhase section */

/* Begin PBXShellScriptBuildPhase section */
		B6F065C869D7EB3679523AF3 /* [CP] Embed Pods Frameworks */ = {
			isa = PBXShellScriptBuildPhase;
			buildActionMask = 2147483647;
			files = (
			);
			inputPaths = (
			);
			name = "[CP] Embed Pods Frameworks";
			outputPaths = (
			);
			runOnlyForDeploymentPostprocessing = 0;
			shellPath = /bin/sh;
			shellScript = "\"${SRCROOT}/Pods/Target Support Files/Pods-weatherforecast/Pods-weatherforecast-frameworks.sh\"\n";
			showEnvVarsInLog = 0;
		};
		ED49FDBA58B16D72351B6EB2 /* [CP] Copy Pods Resources */ = {
			isa = PBXShellScriptBuildPhase;
			buildActionMask = 2147483647;
			files = (
			);
			inputPaths = (
			);
			name = "[CP] Copy Pods Resources";
			outputPaths = (
			);
			runOnlyForDeploymentPostprocessing = 0;
			shellPath = /bin/sh;
			shellScript = "\"${SRCROOT}/Pods/Target Support Files/Pods-weatherforecast/Pods-weatherforecast-resources.sh\"\n";
			showEnvVarsInLog = 0;
		};
		FE9C5F98A490F6ED5359BFB4 /* [CP] Check Pods Manifest.lock */ = {
			isa = PBXShellScriptBuildPhase;
			buildActionMask = 2147483647;
			files = (
			);
			inputPaths = (
			);
			name = "[CP] Check Pods Manifest.lock";
			outputPaths = (
			);
			runOnlyForDeploymentPostprocessing = 0;
			shellPath = /bin/sh;
			shellScript = "diff \"${PODS_PODFILE_DIR_PATH}/Podfile.lock\" \"${PODS_ROOT}/Manifest.lock\" > /dev/null\nif [ $? != 0 ] ; then\n    # print error to STDERR\n    echo \"error: The sandbox is not in sync with the Podfile.lock. Run 'pod install' or update your CocoaPods installation.\" >&2\n    exit 1\nfi\n";
			showEnvVarsInLog = 0;
		};
/* End PBXShellScriptBuildPhase section */

/* Begin PBXSourcesBuildPhase section */
		84728B211ED771C300F8562F /* Sources */ = {
			isa = PBXSourcesBuildPhase;
			buildActionMask = 2147483647;
			files = (
				84728B2B1ED771C300F8562F /* WeatherVC.swift in Sources */,
				84728B291ED771C300F8562F /* AppDelegate.swift in Sources */,
				84A06CA71EDC856100925568 /* Location.swift in Sources */,
				84119BA11EDC61FE00371A60 /* Forecasts.swift in Sources */,
				84119BA31EDC68ED00371A60 /* WeatherCell.swift in Sources */,
				84119B9D1EDA294600371A60 /* CurrentWeather.swift in Sources */,
				84119B981EDA24B200371A60 /* constants.swift in Sources */,
				84119B9F1EDC52D200371A60 /* Forecast.swift in Sources */,
			);
			runOnlyForDeploymentPostprocessing = 0;
		};
		84728B351ED771C300F8562F /* Sources */ = {
			isa = PBXSourcesBuildPhase;
			buildActionMask = 2147483647;
			files = (
				84728B3E1ED771C300F8562F /* weatherforecastTests.swift in Sources */,
			);
			runOnlyForDeploymentPostprocessing = 0;
		};
		84728B401ED771C300F8562F /* Sources */ = {
			isa = PBXSourcesBuildPhase;
			buildActionMask = 2147483647;
			files = (
				84728B491ED771C300F8562F /* weatherforecastUITests.swift in Sources */,
			);
			runOnlyForDeploymentPostprocessing = 0;
		};
/* End PBXSourcesBuildPhase section */

/* Begin PBXTargetDependency section */
		84728B3B1ED771C300F8562F /* PBXTargetDependency */ = {
			isa = PBXTargetDependency;
			target = 84728B241ED771C300F8562F /* weatherforecast */;
			targetProxy = 84728B3A1ED771C300F8562F /* PBXContainerItemProxy */;
		};
		84728B461ED771C300F8562F /* PBXTargetDependency */ = {
			isa = PBXTargetDependency;
			target = 84728B241ED771C300F8562F /* weatherforecast */;
			targetProxy = 84728B451ED771C300F8562F /* PBXContainerItemProxy */;
		};
/* End PBXTargetDependency section */

/* Begin PBXVariantGroup section */
		84728B2C1ED771C300F8562F /* Main.storyboard */ = {
			isa = PBXVariantGroup;
			children = (
				84728B2D1ED771C300F8562F /* Base */,
			);
			name = Main.storyboard;
			sourceTree = "<group>";
		};
		84728B311ED771C300F8562F /* LaunchScreen.storyboard */ = {
			isa = PBXVariantGroup;
			children = (
				84728B321ED771C300F8562F /* Base */,
			);
			name = LaunchScreen.storyboard;
			sourceTree = "<group>";
		};
/* End PBXVariantGroup section */

/* Begin XCBuildConfiguration section */
		84728B4B1ED771C300F8562F /* Debug */ = {
			isa = XCBuildConfiguration;
			buildSettings = {
				ALWAYS_SEARCH_USER_PATHS = NO;
				CLANG_ANALYZER_NONNULL = YES;
				CLANG_ANALYZER_NUMBER_OBJECT_CONVERSION = YES_AGGRESSIVE;
				CLANG_CXX_LANGUAGE_STANDARD = "gnu++0x";
				CLANG_CXX_LIBRARY = "libc++";
				CLANG_ENABLE_MODULES = YES;
				CLANG_ENABLE_OBJC_ARC = YES;
				CLANG_WARN_BOOL_CONVERSION = YES;
				CLANG_WARN_CONSTANT_CONVERSION = YES;
				CLANG_WARN_DIRECT_OBJC_ISA_USAGE = YES_ERROR;
				CLANG_WARN_DOCUMENTATION_COMMENTS = YES;
				CLANG_WARN_EMPTY_BODY = YES;
				CLANG_WARN_ENUM_CONVERSION = YES;
				CLANG_WARN_INFINITE_RECURSION = YES;
				CLANG_WARN_INT_CONVERSION = YES;
				CLANG_WARN_OBJC_ROOT_CLASS = YES_ERROR;
				CLANG_WARN_SUSPICIOUS_MOVE = YES;
				CLANG_WARN_UNREACHABLE_CODE = YES;
				CLANG_WARN__DUPLICATE_METHOD_MATCH = YES;
				"CODE_SIGN_IDENTITY[sdk=iphoneos*]" = "iPhone Developer";
				COPY_PHASE_STRIP = NO;
				DEBUG_INFORMATION_FORMAT = dwarf;
				ENABLE_STRICT_OBJC_MSGSEND = YES;
				ENABLE_TESTABILITY = YES;
				GCC_C_LANGUAGE_STANDARD = gnu99;
				GCC_DYNAMIC_NO_PIC = NO;
				GCC_NO_COMMON_BLOCKS = YES;
				GCC_OPTIMIZATION_LEVEL = 0;
				GCC_PREPROCESSOR_DEFINITIONS = (
					"DEBUG=1",
					"$(inherited)",
				);
				GCC_WARN_64_TO_32_BIT_CONVERSION = YES;
				GCC_WARN_ABOUT_RETURN_TYPE = YES_ERROR;
				GCC_WARN_UNDECLARED_SELECTOR = YES;
				GCC_WARN_UNINITIALIZED_AUTOS = YES_AGGRESSIVE;
				GCC_WARN_UNUSED_FUNCTION = YES;
				GCC_WARN_UNUSED_VARIABLE = YES;
				IPHONEOS_DEPLOYMENT_TARGET = 10.3;
				MTL_ENABLE_DEBUG_INFO = YES;
				ONLY_ACTIVE_ARCH = YES;
				SDKROOT = iphoneos;
				SWIFT_ACTIVE_COMPILATION_CONDITIONS = DEBUG;
				SWIFT_OPTIMIZATION_LEVEL = "-Onone";
				TARGETED_DEVICE_FAMILY = "1,2";
			};
			name = Debug;
		};
		84728B4C1ED771C300F8562F /* Release */ = {
			isa = XCBuildConfiguration;
			buildSettings = {
				ALWAYS_SEARCH_USER_PATHS = NO;
				CLANG_ANALYZER_NONNULL = YES;
				CLANG_ANALYZER_NUMBER_OBJECT_CONVERSION = YES_AGGRESSIVE;
				CLANG_CXX_LANGUAGE_STANDARD = "gnu++0x";
				CLANG_CXX_LIBRARY = "libc++";
				CLANG_ENABLE_MODULES = YES;
				CLANG_ENABLE_OBJC_ARC = YES;
				CLANG_WARN_BOOL_CONVERSION = YES;
				CLANG_WARN_CONSTANT_CONVERSION = YES;
				CLANG_WARN_DIRECT_OBJC_ISA_USAGE = YES_ERROR;
				CLANG_WARN_DOCUMENTATION_COMMENTS = YES;
				CLANG_WARN_EMPTY_BODY = YES;
				CLANG_WARN_ENUM_CONVERSION = YES;
				CLANG_WARN_INFINITE_RECURSION = YES;
				CLANG_WARN_INT_CONVERSION = YES;
				CLANG_WARN_OBJC_ROOT_CLASS = YES_ERROR;
				CLANG_WARN_SUSPICIOUS_MOVE = YES;
				CLANG_WARN_UNREACHABLE_CODE = YES;
				CLANG_WARN__DUPLICATE_METHOD_MATCH = YES;
				"CODE_SIGN_IDENTITY[sdk=iphoneos*]" = "iPhone Developer";
				COPY_PHASE_STRIP = NO;
				DEBUG_INFORMATION_FORMAT = "dwarf-with-dsym";
				ENABLE_NS_ASSERTIONS = NO;
				ENABLE_STRICT_OBJC_MSGSEND = YES;
				GCC_C_LANGUAGE_STANDARD = gnu99;
				GCC_NO_COMMON_BLOCKS = YES;
				GCC_WARN_64_TO_32_BIT_CONVERSION = YES;
				GCC_WARN_ABOUT_RETURN_TYPE = YES_ERROR;
				GCC_WARN_UNDECLARED_SELECTOR = YES;
				GCC_WARN_UNINITIALIZED_AUTOS = YES_AGGRESSIVE;
				GCC_WARN_UNUSED_FUNCTION = YES;
				GCC_WARN_UNUSED_VARIABLE = YES;
				IPHONEOS_DEPLOYMENT_TARGET = 10.3;
				MTL_ENABLE_DEBUG_INFO = NO;
				SDKROOT = iphoneos;
				SWIFT_OPTIMIZATION_LEVEL = "-Owholemodule";
				TARGETED_DEVICE_FAMILY = "1,2";
				VALIDATE_PRODUCT = YES;
			};
			name = Release;
		};
		84728B4E1ED771C300F8562F /* Debug */ = {
			isa = XCBuildConfiguration;
			baseConfigurationReference = E87BE9012932A969886BD24B /* Pods-weatherforecast.debug.xcconfig */;
			buildSettings = {
				ASSETCATALOG_COMPILER_APPICON_NAME = AppIcon;
				DEVELOPMENT_TEAM = DA92K53Q8K;
				INFOPLIST_FILE = weatherforecast/Info.plist;
				LD_RUNPATH_SEARCH_PATHS = "$(inherited) @executable_path/Frameworks";
				PRODUCT_BUNDLE_IDENTIFIER = mattowy.weatherforecast;
				PRODUCT_NAME = "$(TARGET_NAME)";
				SWIFT_VERSION = 3.0;
				TARGETED_DEVICE_FAMILY = 1;
			};
			name = Debug;
		};
		84728B4F1ED771C300F8562F /* Release */ = {
			isa = XCBuildConfiguration;
			baseConfigurationReference = CDC7BA67C410E0A561D2DFBA /* Pods-weatherforecast.release.xcconfig */;
			buildSettings = {
				ASSETCATALOG_COMPILER_APPICON_NAME = AppIcon;
				DEVELOPMENT_TEAM = DA92K53Q8K;
				INFOPLIST_FILE = weatherforecast/Info.plist;
				LD_RUNPATH_SEARCH_PATHS = "$(inherited) @executable_path/Frameworks";
				PRODUCT_BUNDLE_IDENTIFIER = mattowy.weatherforecast;
				PRODUCT_NAME = "$(TARGET_NAME)";
				SWIFT_VERSION = 3.0;
				TARGETED_DEVICE_FAMILY = 1;
			};
			name = Release;
		};
		84728B511ED771C300F8562F /* Debug */ = {
			isa = XCBuildConfiguration;
			buildSettings = {
				ALWAYS_EMBED_SWIFT_STANDARD_LIBRARIES = YES;
				BUNDLE_LOADER = "$(TEST_HOST)";
				DEVELOPMENT_TEAM = DA92K53Q8K;
				INFOPLIST_FILE = weatherforecastTests/Info.plist;
				LD_RUNPATH_SEARCH_PATHS = "$(inherited) @executable_path/Frameworks @loader_path/Frameworks";
				PRODUCT_BUNDLE_IDENTIFIER = mattowy.weatherforecastTests;
				PRODUCT_NAME = "$(TARGET_NAME)";
				SWIFT_VERSION = 3.0;
				TEST_HOST = "$(BUILT_PRODUCTS_DIR)/weatherforecast.app/weatherforecast";
			};
			name = Debug;
		};
		84728B521ED771C300F8562F /* Release */ = {
			isa = XCBuildConfiguration;
			buildSettings = {
				ALWAYS_EMBED_SWIFT_STANDARD_LIBRARIES = YES;
				BUNDLE_LOADER = "$(TEST_HOST)";
				DEVELOPMENT_TEAM = DA92K53Q8K;
				INFOPLIST_FILE = weatherforecastTests/Info.plist;
				LD_RUNPATH_SEARCH_PATHS = "$(inherited) @executable_path/Frameworks @loader_path/Frameworks";
				PRODUCT_BUNDLE_IDENTIFIER = mattowy.weatherforecastTests;
				PRODUCT_NAME = "$(TARGET_NAME)";
				SWIFT_VERSION = 3.0;
				TEST_HOST = "$(BUILT_PRODUCTS_DIR)/weatherforecast.app/weatherforecast";
			};
			name = Release;
		};
		84728B541ED771C300F8562F /* Debug */ = {
			isa = XCBuildConfiguration;
			buildSettings = {
				ALWAYS_EMBED_SWIFT_STANDARD_LIBRARIES = YES;
				DEVELOPMENT_TEAM = DA92K53Q8K;
				INFOPLIST_FILE = weatherforecastUITests/Info.plist;
				LD_RUNPATH_SEARCH_PATHS = "$(inherited) @executable_path/Frameworks @loader_path/Frameworks";
				PRODUCT_BUNDLE_IDENTIFIER = mattowy.weatherforecastUITests;
				PRODUCT_NAME = "$(TARGET_NAME)";
				SWIFT_VERSION = 3.0;
				TEST_TARGET_NAME = weatherforecast;
			};
			name = Debug;
		};
		84728B551ED771C300F8562F /* Release */ = {
			isa = XCBuildConfiguration;
			buildSettings = {
				ALWAYS_EMBED_SWIFT_STANDARD_LIBRARIES = YES;
				DEVELOPMENT_TEAM = DA92K53Q8K;
				INFOPLIST_FILE = weatherforecastUITests/Info.plist;
				LD_RUNPATH_SEARCH_PATHS = "$(inherited) @executable_path/Frameworks @loader_path/Frameworks";
				PRODUCT_BUNDLE_IDENTIFIER = mattowy.weatherforecastUITests;
				PRODUCT_NAME = "$(TARGET_NAME)";
				SWIFT_VERSION = 3.0;
				TEST_TARGET_NAME = weatherforecast;
			};
			name = Release;
		};
/* End XCBuildConfiguration section */

/* Begin XCConfigurationList section */
		84728B201ED771C300F8562F /* Build configuration list for PBXProject "weatherforecast" */ = {
			isa = XCConfigurationList;
			buildConfigurations = (
				84728B4B1ED771C300F8562F /* Debug */,
				84728B4C1ED771C300F8562F /* Release */,
			);
			defaultConfigurationIsVisible = 0;
			defaultConfigurationName = Release;
		};
		84728B4D1ED771C300F8562F /* Build configuration list for PBXNativeTarget "weatherforecast" */ = {
			isa = XCConfigurationList;
			buildConfigurations = (
				84728B4E1ED771C300F8562F /* Debug */,
				84728B4F1ED771C300F8562F /* Release */,
			);
			defaultConfigurationIsVisible = 0;
			defaultConfigurationName = Release;
		};
		84728B501ED771C300F8562F /* Build configuration list for PBXNativeTarget "weatherforecastTests" */ = {
			isa = XCConfigurationList;
			buildConfigurations = (
				84728B511ED771C300F8562F /* Debug */,
				84728B521ED771C300F8562F /* Release */,
			);
			defaultConfigurationIsVisible = 0;
			defaultConfigurationName = Release;
		};
		84728B531ED771C300F8562F /* Build configuration list for PBXNativeTarget "weatherforecastUITests" */ = {
			isa = XCConfigurationList;
			buildConfigurations = (
				84728B541ED771C300F8562F /* Debug */,
				84728B551ED771C300F8562F /* Release */,
			);
			defaultConfigurationIsVisible = 0;
			defaultConfigurationName = Release;
		};
/* End XCConfigurationList section */
	};
	rootObject = 84728B1D1ED771C300F8562F /* Project object */;
}
